
Microsoft Visual Studio Solution File, Format Version 12.00
# Visual Studio Version 17
VisualStudioVersion = 17.7.34009.444
MinimumVisualStudioVersion = 10.0.40219.1
Project("{FAE04EC0-301F-11D3-BF4B-00C04F79EFBC}") = "BookShopCore", "BookShopCore\BookShopCore.csproj", "{DDE49EF5-426B-45A5-9AC1-E3DE1B96F8D3}"
EndProject
Project("{FAE04EC0-301F-11D3-BF4B-00C04F79EFBC}") = "BookShopData", "BookShopData\BookShopData.csproj", "{E712ED8D-3E4B-4196-BB39-9B7BBBF423A1}"
EndProject
Project("{FAE04EC0-301F-11D3-BF4B-00C04F79EFBC}") = "BookShopEntity", "BookShopEntity\BookShopEntity.csproj", "{9296B876-DE7E-4D32-AF42-F472521A350D}"
EndProject
Project("{FAE04EC0-301F-11D3-BF4B-00C04F79EFBC}") = "BookShopService", "BookShopService\BookShopService.csproj", "{D9B4DCEF-8447-430B-BFD4-68CDCC73E620}"
EndProject
Project("{FAE04EC0-301F-11D3-BF4B-00C04F79EFBC}") = "BookShopViewModel", "BookShopViewModel\BookShopViewModel.csproj", "{1EC5F979-BA8A-4BAE-8A15-C93BDE8AB230}"
EndProject
Project("{FAE04EC0-301F-11D3-BF4B-00C04F79EFBC}") = "BookShopWeb", "BookShopWeb\BookShopWeb.csproj", "{9C8B1954-B576-4F09-9F0A-E548C6EE6855}"
EndProject
Global
	GlobalSection(SolutionConfigurationPlatforms) = preSolution
		Debug|Any CPU = Debug|Any CPU
		Release|Any CPU = Release|Any CPU
	EndGlobalSection
	GlobalSection(ProjectConfigurationPlatforms) = postSolution
		{DDE49EF5-426B-45A5-9AC1-E3DE1B96F8D3}.Debug|Any CPU.ActiveCfg = Debug|Any CPU
		{DDE49EF5-426B-45A5-9AC1-E3DE1B96F8D3}.Debug|Any CPU.Build.0 = Debug|Any CPU
		{DDE49EF5-426B-45A5-9AC1-E3DE1B96F8D3}.Release|Any CPU.ActiveCfg = Release|Any CPU
		{DDE49EF5-426B-45A5-9AC1-E3DE1B96F8D3}.Release|Any CPU.Build.0 = Release|Any CPU
		{E712ED8D-3E4B-4196-BB39-9B7BBBF423A1}.Debug|Any CPU.ActiveCfg = Debug|Any CPU
		{E712ED8D-3E4B-4196-BB39-9B7BBBF423A1}.Debug|Any CPU.Build.0 = Debug|Any CPU
		{E712ED8D-3E4B-4196-BB39-9B7BBBF423A1}.Release|Any CPU.ActiveCfg = Release|Any CPU
		{E712ED8D-3E4B-4196-BB39-9B7BBBF423A1}.Release|Any CPU.Build.0 = Release|Any CPU
		{9296B876-DE7E-4D32-AF42-F472521A350D}.Debug|Any CPU.ActiveCfg = Debug|Any CPU
		{9296B876-DE7E-4D32-AF42-F472521A350D}.Debug|Any CPU.Build.0 = Debug|Any CPU
		{9296B876-DE7E-4D32-AF42-F472521A350D}.Release|Any CPU.ActiveCfg = Release|Any CPU
		{9296B876-DE7E-4D32-AF42-F472521A350D}.Release|Any CPU.Build.0 = Release|Any CPU
		{D9B4DCEF-8447-430B-BFD4-68CDCC73E620}.Debug|Any CPU.ActiveCfg = Debug|Any CPU
		{D9B4DCEF-8447-430B-BFD4-68CDCC73E620}.Debug|Any CPU.Build.0 = Debug|Any CPU
		{D9B4DCEF-8447-430B-BFD4-68CDCC73E620}.Release|Any CPU.ActiveCfg = Release|Any CPU
		{D9B4DCEF-8447-430B-BFD4-68CDCC73E620}.Release|Any CPU.Build.0 = Release|Any CPU
		{1EC5F979-BA8A-4BAE-8A15-C93BDE8AB230}.Debug|Any CPU.ActiveCfg = Debug|Any CPU
		{1EC5F979-BA8A-4BAE-8A15-C93BDE8AB230}.Debug|Any CPU.Build.0 = Debug|Any CPU
		{1EC5F979-BA8A-4BAE-8A15-C93BDE8AB230}.Release|Any CPU.ActiveCfg = Release|Any CPU
		{1EC5F979-BA8A-4BAE-8A15-C93BDE8AB230}.Release|Any CPU.Build.0 = Release|Any CPU
		{9C8B1954-B576-4F09-9F0A-E548C6EE6855}.Debug|Any CPU.ActiveCfg = Debug|Any CPU
		{9C8B1954-B576-4F09-9F0A-E548C6EE6855}.Debug|Any CPU.Build.0 = Debug|Any CPU
		{9C8B1954-B576-4F09-9F0A-E548C6EE6855}.Release|Any CPU.ActiveCfg = Release|Any CPU
		{9C8B1954-B576-4F09-9F0A-E548C6EE6855}.Release|Any CPU.Build.0 = Release|Any CPU
	EndGlobalSection
	GlobalSection(SolutionProperties) = preSolution
		HideSolutionNode = FALSE
	EndGlobalSection
	GlobalSection(ExtensibilityGlobals) = postSolution
		SolutionGuid = {19493A42-2B66-4EE2-9587-AFDE7DC2056D}
	EndGlobalSection
EndGlobal
